
Microsoft Visual Studio Solution File, Format Version 12.00
# Visual Studio Version 17
VisualStudioVersion = 17.3.32929.385
MinimumVisualStudioVersion = 10.0.40219.1
Project("{8BC9CEB8-8B4A-11D0-8D11-00A0C91BC942}") = "Renderer", "Renderer.vcxproj", "{2008713C-DCF3-4C24-838E-B9A88E7C02E0}"
EndProject
Global
	GlobalSection(SolutionConfigurationPlatforms) = preSolution
		Debug|x64 = Debug|x64
		Debug|x86 = Debug|x86
		Release|x64 = Release|x64
		Release|x86 = Release|x86
	EndGlobalSection
	GlobalSection(ProjectConfigurationPlatforms) = postSolution
		{2008713C-DCF3-4C24-838E-B9A88E7C02E0}.Debug|x64.ActiveCfg = Debug|x64
		{2008713C-DCF3-4C24-838E-B9A88E7C02E0}.Debug|x64.Build.0 = Debug|x64
		{2008713C-DCF3-4C24-838E-B9A88E7C02E0}.Debug|x86.ActiveCfg = Debug|Win32
		{2008713C-DCF3-4C24-838E-B9A88E7C02E0}.Debug|x86.Build.0 = Debug|Win32
		{2008713C-DCF3-4C24-838E-B9A88E7C02E0}.Release|x64.ActiveCfg = Release|x64
		{2008713C-DCF3-4C24-838E-B9A88E7C02E0}.Release|x64.Build.0 = Release|x64
		{2008713C-DCF3-4C24-838E-B9A88E7C02E0}.Release|x86.ActiveCfg = Release|Win32
		{2008713C-DCF3-4C24-838E-B9A88E7C02E0}.Release|x86.Build.0 = Release|Win32
	EndGlobalSection
	GlobalSection(SolutionProperties) = preSolution
		HideSolutionNode = FALSE
	EndGlobalSection
	GlobalSection(ExtensibilityGlobals) = postSolution
		SolutionGuid = {4BF46550-D1A8-4D64-BBBA-D842B78B2C91}
	EndGlobalSection
EndGlobal
